// !$*UTF8*$!
{
	archiveVersion = 1;
	classes = {
	};
	objectVersion = 77;
	objects = {

/* Begin PBXContainerItemProxy section */
		80D7A4A52F9CDD47004150D9 /* PBXContainerItemProxy */ = {
			isa = PBXContainerItemProxy;
			containerPortal = 80D7A48F2F9CDD46004150D9 /* Project object */;
			proxyType = 1;
			remoteGlobalIDString = 80D7A4962F9CDD46004150D9;
			remoteInfo = airpod_control;
		};
		80D7A4AF2F9CDD47004150D9 /* PBXContainerItemProxy */ = {
			isa = PBXContainerItemProxy;
			containerPortal = 80D7A48F2F9CDD46004150D9 /* Project object */;
			proxyType = 1;
			remoteGlobalIDString = 80D7A4962F9CDD46004150D9;
			remoteInfo = airpod_control;
		};
/* End PBXContainerItemProxy section */

/* Begin PBXFileReference section */
		80D7A4972F9CDD46004150D9 /* airpod_control.app */ = {isa = PBXFileReference; explicitFileType = wrapper.application; includeInIndex = 0; path = airpod_control.app; sourceTree = BUILT_PRODUCTS_DIR; };
		80D7A4A42F9CDD47004150D9 /* airpod_controlTests.xctest */ = {isa = PBXFileReference; explicitFileType = wrapper.cfbundle; includeInIndex = 0; path = airpod_controlTests.xctest; sourceTree = BUILT_PRODUCTS_DIR; };
		80D7A4AE2F9CDD47004150D9 /* airpod_controlUITests.xctest */ = {isa = PBXFileReference; explicitFileType = wrapper.cfbundle; includeInIndex = 0; path = airpod_controlUITests.xctest; sourceTree = BUILT_PRODUCTS_DIR; };
/* End PBXFileReference section */

/* Begin PBXFileSystemSynchronizedBuildFileExceptionSet section */
		80D7A4C22F9CDD79004150D9 /* Exceptions for "airpod_control" folder in "airpod_control" target */ = {
			isa = PBXFileSystemSynchronizedBuildFileExceptionSet;
			membershipExceptions = (
				"airpod-control-Info.plist",
			);
			target = 80D7A4962F9CDD46004150D9 /* airpod_control */;
		};
/* End PBXFileSystemSynchronizedBuildFileExceptionSet section */

/* Begin PBXFileSystemSynchronizedRootGroup section */
		80D7A4992F9CDD46004150D9 /* airpod_control */ = {
			isa = PBXFileSystemSynchronizedRootGroup;
			exceptions = (
				80D7A4C22F9CDD79004150D9 /* Exceptions for "airpod_control" folder in "airpod_control" target */,
			);
			path = airpod_control;
			sourceTree = "<group>";
		};
		80D7A4A72F9CDD47004150D9 /* airpod_controlTests */ = {
			isa = PBXFileSystemSynchronizedRootGroup;
			path = airpod_controlTests;
			sourceTree = "<group>";
		};
		80D7A4B12F9CDD47004150D9 /* airpod_controlUITests */ = {
			isa = PBXFileSystemSynchronizedRootGroup;
			path = airpod_controlUITests;
			sourceTree = "<group>";
		};
/* End PBXFileSystemSynchronizedRootGroup section */

/* Begin PBXFrameworksBuildPhase section */
		80D7A4942F9CDD46004150D9 /* Frameworks */ = {
			isa = PBXFrameworksBuildPhase;
			buildActionMask = 2147483647;
			files = (
			);
			runOnlyForDeploymentPostprocessing = 0;
		};
		80D7A4A12F9CDD47004150D9 /* Frameworks */ = {
			isa = PBXFrameworksBuildPhase;
			buildActionMask = 2147483647;
			files = (
			);
			runOnlyForDeploymentPostprocessing = 0;
		};
		80D7A4AB2F9CDD47004150D9 /* Frameworks */ = {
			isa = PBXFrameworksBuildPhase;
			buildActionMask = 2147483647;
			files = (
			);
			runOnlyForDeploymentPostprocessing = 0;
		};
/* End PBXFrameworksBuildPhase section */

/* Begin PBXGroup section */
		80D7A48E2F9CDD46004150D9 = {
			isa = PBXGroup;
			children = (
				80D7A4992F9CDD46004150D9 /* airpod_control */,
				80D7A4A72F9CDD47004150D9 /* airpod_controlTests */,
				80D7A4B12F9CDD47004150D9 /* airpod_controlUITests */,
				80D7A4982F9CDD46004150D9 /* Products */,
			);
			sourceTree = "<group>";
		};
		80D7A4982F9CDD46004150D9 /* Products */ = {
			isa = PBXGroup;
			children = (
				80D7A4972F9CDD46004150D9 /* airpod_control.app */,
				80D7A4A42F9CDD47004150D9 /* airpod_controlTests.xctest */,
				80D7A4AE2F9CDD47004150D9 /* airpod_controlUITests.xctest */,
			);
			name = Products;
			sourceTree = "<group>";
		};
/* End PBXGroup section */

/* Begin PBXNativeTarget section */
		80D7A4962F9CDD46004150D9 /* airpod_control */ = {
			isa = PBXNativeTarget;
			buildConfigurationList = 80D7A4B82F9CDD47004150D9 /* Build configuration list for PBXNativeTarget "airpod_control" */;
			buildPhases = (
				80D7A4932F9CDD46004150D9 /* Sources */,
				80D7A4942F9CDD46004150D9 /* Frameworks */,
				80D7A4952F9CDD46004150D9 /* Resources */,
			);
			buildRules = (
			);
			dependencies = (
			);
			fileSystemSynchronizedGroups = (
				80D7A4992F9CDD46004150D9 /* airpod_control */,
			);
			name = airpod_control;
			packageProductDependencies = (
			);
			productName = airpod_control;
			productReference = 80D7A4972F9CDD46004150D9 /* airpod_control.app */;
			productType = "com.apple.product-type.application";
		};
		80D7A4A32F9CDD47004150D9 /* airpod_controlTests */ = {
			isa = PBXNativeTarget;
			buildConfigurationList = 80D7A4BB2F9CDD47004150D9 /* Build configuration list for PBXNativeTarget "airpod_controlTests" */;
			buildPhases = (
				80D7A4A02F9CDD47004150D9 /* Sources */,
				80D7A4A12F9CDD47004150D9 /* Frameworks */,
				80D7A4A22F9CDD47004150D9 /* Resources */,
			);
			buildRules = (
			);
			dependencies = (
				80D7A4A62F9CDD47004150D9 /* PBXTargetDependency */,
			);
			fileSystemSynchronizedGroups = (
				80D7A4A72F9CDD47004150D9 /* airpod_controlTests */,
			);
			name = airpod_controlTests;
			packageProductDependencies = (
			);
			productName = airpod_controlTests;
			productReference = 80D7A4A42F9CDD47004150D9 /* airpod_controlTests.xctest */;
			productType = "com.apple.product-type.bundle.unit-test";
		};
		80D7A4AD2F9CDD47004150D9 /* airpod_controlUITests */ = {
			isa = PBXNativeTarget;
			buildConfigurationList = 80D7A4BE2F9CDD47004150D9 /* Build configuration list for PBXNativeTarget "airpod_controlUITests" */;
			buildPhases = (
				80D7A4AA2F9CDD47004150D9 /* Sources */,
				80D7A4AB2F9CDD47004150D9 /* Frameworks */,
				80D7A4AC2F9CDD47004150D9 /* Resources */,
			);
			buildRules = (
			);
			dependencies = (
				80D7A4B02F9CDD47004150D9 /* PBXTargetDependency */,
			);
			fileSystemSynchronizedGroups = (
				80D7A4B12F9CDD47004150D9 /* airpod_controlUITests */,
			);
			name = airpod_controlUITests;
			packageProductDependencies = (
			);
			productName = airpod_controlUITests;
			productReference = 80D7A4AE2F9CDD47004150D9 /* airpod_controlUITests.xctest */;
			productType = "com.apple.product-type.bundle.ui-testing";
		};
/* End PBXNativeTarget section */

/* Begin PBXProject section */
		80D7A48F2F9CDD46004150D9 /* Project object */ = {
			isa = PBXProject;
			attributes = {
				BuildIndependentTargetsInParallel = 1;
				LastSwiftUpdateCheck = 2640;
				LastUpgradeCheck = 2640;
				TargetAttributes = {
					80D7A4962F9CDD46004150D9 = {
						CreatedOnToolsVersion = 26.4.1;
					};
					80D7A4A32F9CDD47004150D9 = {
						CreatedOnToolsVersion = 26.4.1;
						TestTargetID = 80D7A4962F9CDD46004150D9;
					};
					80D7A4AD2F9CDD47004150D9 = {
						CreatedOnToolsVersion = 26.4.1;
						TestTargetID = 80D7A4962F9CDD46004150D9;
					};
				};
			};
			buildConfigurationList = 80D7A4922F9CDD46004150D9 /* Build configuration list for PBXProject "airpod_control" */;
			developmentRegion = en;
			hasScannedForEncodings = 0;
			knownRegions = (
				en,
				Base,
			);
			mainGroup = 80D7A48E2F9CDD46004150D9;
			minimizedProjectReferenceProxies = 1;
			preferredProjectObjectVersion = 77;
			productRefGroup = 80D7A4982F9CDD46004150D9 /* Products */;
			projectDirPath = "";
			projectRoot = "";
			targets = (
				80D7A4962F9CDD46004150D9 /* airpod_control */,
				80D7A4A32F9CDD47004150D9 /* airpod_controlTests */,
				80D7A4AD2F9CDD47004150D9 /* airpod_controlUITests */,
			);
		};
/* End PBXProject section */

/* Begin PBXResourcesBuildPhase section */
		80D7A4952F9CDD46004150D9 /* Resources */ = {
			isa = PBXResourcesBuildPhase;
			buildActionMask = 2147483647;
			files = (
			);
			runOnlyForDeploymentPostprocessing = 0;
		};
		80D7A4A22F9CDD47004150D9 /* Resources */ = {
			isa = PBXResourcesBuildPhase;
			buildActionMask = 2147483647;
			files = (
			);
			runOnlyForDeploymentPostprocessing = 0;
		};
		80D7A4AC2F9CDD47004150D9 /* Resources */ = {
			isa = PBXResourcesBuildPhase;
			buildActionMask = 2147483647;
			files = (
			);
			runOnlyForDeploymentPostprocessing = 0;
		};
/* End PBXResourcesBuildPhase section */

/* Begin PBXSourcesBuildPhase section */
		80D7A4932F9CDD46004150D9 /* Sources */ = {
			isa = PBXSourcesBuildPhase;
			buildActionMask = 2147483647;
			files = (
			);
			runOnlyForDeploymentPostprocessing = 0;
		};
		80D7A4A02F9CDD47004150D9 /* Sources */ = {
			isa = PBXSourcesBuildPhase;
			buildActionMask = 2147483647;
			files = (
			);
			runOnlyForDeploymentPostprocessing = 0;
		};
		80D7A4AA2F9CDD47004150D9 /* Sources */ = {
			isa = PBXSourcesBuildPhase;
			buildActionMask = 2147483647;
			files = (
			);
			runOnlyForDeploymentPostprocessing = 0;
		};
/* End PBXSourcesBuildPhase section */

/* Begin PBXTargetDependency section */
		80D7A4A62F9CDD47004150D9 /* PBXTargetDependency */ = {
			isa = PBXTargetDependency;
			target = 80D7A4962F9CDD46004150D9 /* airpod_control */;
			targetProxy = 80D7A4A52F9CDD47004150D9 /* PBXContainerItemProxy */;
		};
		80D7A4B02F9CDD47004150D9 /* PBXTargetDependency */ = {
			isa = PBXTargetDependency;
			target = 80D7A4962F9CDD46004150D9 /* airpod_control */;
			targetProxy = 80D7A4AF2F9CDD47004150D9 /* PBXContainerItemProxy */;
		};
/* End PBXTargetDependency section */

/* Begin XCBuildConfiguration section */
		80D7A4B62F9CDD47004150D9 /* Debug */ = {
			isa = XCBuildConfiguration;
			buildSettings = {
				ALWAYS_SEARCH_USER_PATHS = NO;
				ASSETCATALOG_COMPILER_GENERATE_SWIFT_ASSET_SYMBOL_EXTENSIONS = YES;
				CLANG_ANALYZER_NONNULL = YES;
				CLANG_ANALYZER_NUMBER_OBJECT_CONVERSION = YES_AGGRESSIVE;
				CLANG_CXX_LANGUAGE_STANDARD = "gnu++20";
				CLANG_ENABLE_MODULES = YES;
				CLANG_ENABLE_OBJC_ARC = YES;
				CLANG_ENABLE_OBJC_WEAK = YES;
				CLANG_WARN_BLOCK_CAPTURE_AUTORELEASING = YES;
				CLANG_WARN_BOOL_CONVERSION = YES;
				CLANG_WARN_COMMA = YES;
				CLANG_WARN_CONSTANT_CONVERSION = YES;
				CLANG_WARN_DEPRECATED_OBJC_IMPLEMENTATIONS = YES;
				CLANG_WARN_DIRECT_OBJC_ISA_USAGE = YES_ERROR;
				CLANG_WARN_DOCUMENTATION_COMMENTS = YES;
				CLANG_WARN_EMPTY_BODY = YES;
				CLANG_WARN_ENUM_CONVERSION = YES;
				CLANG_WARN_INFINITE_RECURSION = YES;
				CLANG_WARN_INT_CONVERSION = YES;
				CLANG_WARN_NON_LITERAL_NULL_CONVERSION = YES;
				CLANG_WARN_OBJC_IMPLICIT_RETAIN_SELF = YES;
				CLANG_WARN_OBJC_LITERAL_CONVERSION = YES;
				CLANG_WARN_OBJC_ROOT_CLASS = YES_ERROR;
				CLANG_WARN_QUOTED_INCLUDE_IN_FRAMEWORK_HEADER = YES;
				CLANG_WARN_RANGE_LOOP_ANALYSIS = YES;
				CLANG_WARN_STRICT_PROTOTYPES = YES;
				CLANG_WARN_SUSPICIOUS_MOVE = YES;
				CLANG_WARN_UNGUARDED_AVAILABILITY = YES_AGGRESSIVE;
				CLANG_WARN_UNREACHABLE_CODE = YES;
				CLANG_WARN__DUPLICATE_METHOD_MATCH = YES;
				COPY_PHASE_STRIP = NO;
				DEBUG_INFORMATION_FORMAT = dwarf;
				DEVELOPMENT_TEAM = A6CM288C33;
				ENABLE_STRICT_OBJC_MSGSEND = YES;
				ENABLE_TESTABILITY = YES;
				ENABLE_USER_SCRIPT_SANDBOXING = YES;
				GCC_C_LANGUAGE_STANDARD = gnu17;
				GCC_DYNAMIC_NO_PIC = NO;
				GCC_NO_COMMON_BLOCKS = YES;
				GCC_OPTIMIZATION_LEVEL = 0;
				GCC_PREPROCESSOR_DEFINITIONS = (
					"DEBUG=1",
					"$(inherited)",
				);
				GCC_WARN_64_TO_32_BIT_CONVERSION = YES;
				GCC_WARN_ABOUT_RETURN_TYPE = YES_ERROR;
				GCC_WARN_UNDECLARED_SELECTOR = YES;
				GCC_WARN_UNINITIALIZED_AUTOS = YES_AGGRESSIVE;
				GCC_WARN_UNUSED_FUNCTION = YES;
				GCC_WARN_UNUSED_VARIABLE = YES;
				LOCALIZATION_PREFERS_STRING_CATALOGS = YES;
				MACOSX_DEPLOYMENT_TARGET = 26.4;
				MTL_ENABLE_DEBUG_INFO = INCLUDE_SOURCE;
				MTL_FAST_MATH = YES;
				ONLY_ACTIVE_ARCH = YES;
				SDKROOT = macosx;
				SWIFT_ACTIVE_COMPILATION_CONDITIONS = "DEBUG $(inherited)";
				SWIFT_OPTIMIZATION_LEVEL = "-Onone";
			};
			name = Debug;
		};
		80D7A4B72F9CDD47004150D9 /* Release */ = {
			isa = XCBuildConfiguration;
			buildSettings = {
				ALWAYS_SEARCH_USER_PATHS = NO;
				ASSETCATALOG_COMPILER_GENERATE_SWIFT_ASSET_SYMBOL_EXTENSIONS = YES;
				CLANG_ANALYZER_NONNULL = YES;
				CLANG_ANALYZER_NUMBER_OBJECT_CONVERSION = YES_AGGRESSIVE;
				CLANG_CXX_LANGUAGE_STANDARD = "gnu++20";
				CLANG_ENABLE_MODULES = YES;
				CLANG_ENABLE_OBJC_ARC = YES;
				CLANG_ENABLE_OBJC_WEAK = YES;
				CLANG_WARN_BLOCK_CAPTURE_AUTORELEASING = YES;
				CLANG_WARN_BOOL_CONVERSION = YES;
				CLANG_WARN_COMMA = YES;
				CLANG_WARN_CONSTANT_CONVERSION = YES;
				CLANG_WARN_DEPRECATED_OBJC_IMPLEMENTATIONS = YES;
				CLANG_WARN_DIRECT_OBJC_ISA_USAGE = YES_ERROR;
				CLANG_WARN_DOCUMENTATION_COMMENTS = YES;
				CLANG_WARN_EMPTY_BODY = YES;
				CLANG_WARN_ENUM_CONVERSION = YES;
				CLANG_WARN_INFINITE_RECURSION = YES;
				CLANG_WARN_INT_CONVERSION = YES;
				CLANG_WARN_NON_LITERAL_NULL_CONVERSION = YES;
				CLANG_WARN_OBJC_IMPLICIT_RETAIN_SELF = YES;
				CLANG_WARN_OBJC_LITERAL_CONVERSION = YES;
				CLANG_WARN_OBJC_ROOT_CLASS = YES_ERROR;
				CLANG_WARN_QUOTED_INCLUDE_IN_FRAMEWORK_HEADER = YES;
				CLANG_WARN_RANGE_LOOP_ANALYSIS = YES;
				CLANG_WARN_STRICT_PROTOTYPES = YES;
				CLANG_WARN_SUSPICIOUS_MOVE = YES;
				CLANG_WARN_UNGUARDED_AVAILABILITY = YES_AGGRESSIVE;
				CLANG_WARN_UNREACHABLE_CODE = YES;
				CLANG_WARN__DUPLICATE_METHOD_MATCH = YES;
				COPY_PHASE_STRIP = NO;
				DEBUG_INFORMATION_FORMAT = "dwarf-with-dsym";
				DEVELOPMENT_TEAM = A6CM288C33;
				ENABLE_NS_ASSERTIONS = NO;
				ENABLE_STRICT_OBJC_MSGSEND = YES;
				ENABLE_USER_SCRIPT_SANDBOXING = YES;
				GCC_C_LANGUAGE_STANDARD = gnu17;
				GCC_NO_COMMON_BLOCKS = YES;
				GCC_WARN_64_TO_32_BIT_CONVERSION = YES;
				GCC_WARN_ABOUT_RETURN_TYPE = YES_ERROR;
				GCC_WARN_UNDECLARED_SELECTOR = YES;
				GCC_WARN_UNINITIALIZED_AUTOS = YES_AGGRESSIVE;
				GCC_WARN_UNUSED_FUNCTION = YES;
				GCC_WARN_UNUSED_VARIABLE = YES;
				LOCALIZATION_PREFERS_STRING_CATALOGS = YES;
				MACOSX_DEPLOYMENT_TARGET = 26.4;
				MTL_ENABLE_DEBUG_INFO = NO;
				MTL_FAST_MATH = YES;
				SDKROOT = macosx;
				SWIFT_COMPILATION_MODE = wholemodule;
			};
			name = Release;
		};
		80D7A4B92F9CDD47004150D9 /* Debug */ = {
			isa = XCBuildConfiguration;
			buildSettings = {
				ASSETCATALOG_COMPILER_APPICON_NAME = AppIcon;
				ASSETCATALOG_COMPILER_GLOBAL_ACCENT_COLOR_NAME = AccentColor;
				CODE_SIGN_STYLE = Automatic;
				COMBINE_HIDPI_IMAGES = YES;
				CURRENT_PROJECT_VERSION = 1;
				DEVELOPMENT_TEAM = A6CM288C33;
				ENABLE_APP_SANDBOX = NO;
				ENABLE_HARDENED_RUNTIME = YES;
				ENABLE_INCOMING_NETWORK_CONNECTIONS = NO;
				ENABLE_OUTGOING_NETWORK_CONNECTIONS = NO;
				ENABLE_PREVIEWS = YES;
				ENABLE_RESOURCE_ACCESS_AUDIO_INPUT = NO;
				ENABLE_RESOURCE_ACCESS_BLUETOOTH = YES;
				ENABLE_RESOURCE_ACCESS_CALENDARS = NO;
				ENABLE_RESOURCE_ACCESS_CAMERA = NO;
				ENABLE_RESOURCE_ACCESS_CONTACTS = NO;
				ENABLE_RESOURCE_ACCESS_LOCATION = NO;
				ENABLE_RESOURCE_ACCESS_PRINTING = NO;
				ENABLE_RESOURCE_ACCESS_USB = NO;
				ENABLE_USER_SELECTED_FILES = readwrite;
				GENERATE_INFOPLIST_FILE = YES;
				INFOPLIST_FILE = "airpod-control-Info.plist";
				INFOPLIST_KEY_CFBundleDisplayName = "AirPods Control";
				INFOPLIST_KEY_CFBundleName = "AirPods Control";
				INFOPLIST_KEY_NSBluetoothAlwaysUsageDescription = "AirPods Control uses Bluetooth to detect and stream AirPods motion diagnostics.";
				INFOPLIST_KEY_NSBluetoothPeripheralUsageDescription = "AirPods Control uses Bluetooth to communicate with supported AirPods.";
				INFOPLIST_KEY_NSHumanReadableCopyright = "";
				INFOPLIST_KEY_NSMotionUsageDescription = "AirPods Control reads headphone motion data to show live attitude and acceleration diagnostics.";
				LD_RUNPATH_SEARCH_PATHS = (
					"$(inherited)",
					"@executable_path/../Frameworks",
				);
				MARKETING_VERSION = 1.0.0;
				PRODUCT_BUNDLE_IDENTIFIER = "com.jos.airpod-control";
				PRODUCT_NAME = "$(TARGET_NAME)";
				REGISTER_APP_GROUPS = YES;
				STRING_CATALOG_GENERATE_SYMBOLS = YES;
				SWIFT_APPROACHABLE_CONCURRENCY = YES;
				SWIFT_DEFAULT_ACTOR_ISOLATION = MainActor;
				SWIFT_EMIT_LOC_STRINGS = YES;
				SWIFT_UPCOMING_FEATURE_MEMBER_IMPORT_VISIBILITY = YES;
				SWIFT_VERSION = 6.0;
			};
			name = Debug;
		};
		80D7A4BA2F9CDD47004150D9 /* Release */ = {
			isa = XCBuildConfiguration;
			buildSettings = {
				ASSETCATALOG_COMPILER_APPICON_NAME = AppIcon;
				ASSETCATALOG_COMPILER_GLOBAL_ACCENT_COLOR_NAME = AccentColor;
				CODE_SIGN_STYLE = Automatic;
				COMBINE_HIDPI_IMAGES = YES;
				CURRENT_PROJECT_VERSION = 1;
				DEVELOPMENT_TEAM = A6CM288C33;
				ENABLE_APP_SANDBOX = NO;
				ENABLE_HARDENED_RUNTIME = YES;
				ENABLE_INCOMING_NETWORK_CONNECTIONS = NO;
				ENABLE_OUTGOING_NETWORK_CONNECTIONS = NO;
				ENABLE_PREVIEWS = YES;
				ENABLE_RESOURCE_ACCESS_AUDIO_INPUT = NO;
				ENABLE_RESOURCE_ACCESS_BLUETOOTH = YES;
				ENABLE_RESOURCE_ACCESS_CALENDARS = NO;
				ENABLE_RESOURCE_ACCESS_CAMERA = NO;
				ENABLE_RESOURCE_ACCESS_CONTACTS = NO;
				ENABLE_RESOURCE_ACCESS_LOCATION = NO;
				ENABLE_RESOURCE_ACCESS_PRINTING = NO;
				ENABLE_RESOURCE_ACCESS_USB = NO;
				ENABLE_USER_SELECTED_FILES = readwrite;
				GENERATE_INFOPLIST_FILE = YES;
				INFOPLIST_FILE = "airpod-control-Info.plist";
				INFOPLIST_KEY_CFBundleDisplayName = "AirPods Control";
				INFOPLIST_KEY_CFBundleName = "AirPods Control";
				INFOPLIST_KEY_NSBluetoothAlwaysUsageDescription = "AirPods Control uses Bluetooth to detect and stream AirPods motion diagnostics.";
				INFOPLIST_KEY_NSBluetoothPeripheralUsageDescription = "AirPods Control uses Bluetooth to communicate with supported AirPods.";
				INFOPLIST_KEY_NSHumanReadableCopyright = "";
				INFOPLIST_KEY_NSMotionUsageDescription = "AirPods Control reads headphone motion data to show live attitude and acceleration diagnostics.";
				LD_RUNPATH_SEARCH_PATHS = (
					"$(inherited)",
					"@executable_path/../Frameworks",
				);
				MARKETING_VERSION = 1.0.0;
				PRODUCT_BUNDLE_IDENTIFIER = "com.jos.airpod-control";
				PRODUCT_NAME = "$(TARGET_NAME)";
				REGISTER_APP_GROUPS = YES;
				STRING_CATALOG_GENERATE_SYMBOLS = YES;
				SWIFT_APPROACHABLE_CONCURRENCY = YES;
				SWIFT_DEFAULT_ACTOR_ISOLATION = MainActor;
				SWIFT_EMIT_LOC_STRINGS = YES;
				SWIFT_UPCOMING_FEATURE_MEMBER_IMPORT_VISIBILITY = YES;
				SWIFT_VERSION = 6.0;
			};
			name = Release;
		};
		80D7A4BC2F9CDD47004150D9 /* Debug */ = {
			isa = XCBuildConfiguration;
			buildSettings = {
				BUNDLE_LOADER = "$(TEST_HOST)";
				CODE_SIGN_STYLE = Automatic;
				CURRENT_PROJECT_VERSION = 1;
				DEVELOPMENT_TEAM = A6CM288C33;
				GENERATE_INFOPLIST_FILE = YES;
				MACOSX_DEPLOYMENT_TARGET = 26.4;
				MARKETING_VERSION = 1.0;
				PRODUCT_BUNDLE_IDENTIFIER = "com.jos.airpod-controlTests";
				PRODUCT_NAME = "$(TARGET_NAME)";
				STRING_CATALOG_GENERATE_SYMBOLS = NO;
				SWIFT_APPROACHABLE_CONCURRENCY = YES;
				SWIFT_EMIT_LOC_STRINGS = NO;
				SWIFT_UPCOMING_FEATURE_MEMBER_IMPORT_VISIBILITY = YES;
				SWIFT_VERSION = 6.0;
				TEST_HOST = "$(BUILT_PRODUCTS_DIR)/airpod_control.app/$(BUNDLE_EXECUTABLE_FOLDER_PATH)/airpod_control";
			};
			name = Debug;
		};
		80D7A4BD2F9CDD47004150D9 /* Release */ = {
			isa = XCBuildConfiguration;
			buildSettings = {
				BUNDLE_LOADER = "$(TEST_HOST)";
				CODE_SIGN_STYLE = Automatic;
				CURRENT_PROJECT_VERSION = 1;
				DEVELOPMENT_TEAM = A6CM288C33;
				GENERATE_INFOPLIST_FILE = YES;
				MACOSX_DEPLOYMENT_TARGET = 26.4;
				MARKETING_VERSION = 1.0;
				PRODUCT_BUNDLE_IDENTIFIER = "com.jos.airpod-controlTests";
				PRODUCT_NAME = "$(TARGET_NAME)";
				STRING_CATALOG_GENERATE_SYMBOLS = NO;
				SWIFT_APPROACHABLE_CONCURRENCY = YES;
				SWIFT_EMIT_LOC_STRINGS = NO;
				SWIFT_UPCOMING_FEATURE_MEMBER_IMPORT_VISIBILITY = YES;
				SWIFT_VERSION = 6.0;
				TEST_HOST = "$(BUILT_PRODUCTS_DIR)/airpod_control.app/$(BUNDLE_EXECUTABLE_FOLDER_PATH)/airpod_control";
			};
			name = Release;
		};
		80D7A4BF2F9CDD47004150D9 /* Debug */ = {
			isa = XCBuildConfiguration;
			buildSettings = {
				CODE_SIGN_STYLE = Automatic;
				CURRENT_PROJECT_VERSION = 1;
				DEVELOPMENT_TEAM = A6CM288C33;
				GENERATE_INFOPLIST_FILE = YES;
				MARKETING_VERSION = 1.0;
				PRODUCT_BUNDLE_IDENTIFIER = "com.jos.airpod-controlUITests";
				PRODUCT_NAME = "$(TARGET_NAME)";
				STRING_CATALOG_GENERATE_SYMBOLS = NO;
				SWIFT_APPROACHABLE_CONCURRENCY = YES;
				SWIFT_EMIT_LOC_STRINGS = NO;
				SWIFT_UPCOMING_FEATURE_MEMBER_IMPORT_VISIBILITY = YES;
				SWIFT_VERSION = 6.0;
				TEST_TARGET_NAME = airpod_control;
			};
			name = Debug;
		};
		80D7A4C02F9CDD47004150D9 /* Release */ = {
			isa = XCBuildConfiguration;
			buildSettings = {
				CODE_SIGN_STYLE = Automatic;
				CURRENT_PROJECT_VERSION = 1;
				DEVELOPMENT_TEAM = A6CM288C33;
				GENERATE_INFOPLIST_FILE = YES;
				MARKETING_VERSION = 1.0;
				PRODUCT_BUNDLE_IDENTIFIER = "com.jos.airpod-controlUITests";
				PRODUCT_NAME = "$(TARGET_NAME)";
				STRING_CATALOG_GENERATE_SYMBOLS = NO;
				SWIFT_APPROACHABLE_CONCURRENCY = YES;
				SWIFT_EMIT_LOC_STRINGS = NO;
				SWIFT_UPCOMING_FEATURE_MEMBER_IMPORT_VISIBILITY = YES;
				SWIFT_VERSION = 6.0;
				TEST_TARGET_NAME = airpod_control;
			};
			name = Release;
		};
/* End XCBuildConfiguration section */

/* Begin XCConfigurationList section */
		80D7A4922F9CDD46004150D9 /* Build configuration list for PBXProject "airpod_control" */ = {
			isa = XCConfigurationList;
			buildConfigurations = (
				80D7A4B62F9CDD47004150D9 /* Debug */,
				80D7A4B72F9CDD47004150D9 /* Release */,
			);
			defaultConfigurationIsVisible = 0;
			defaultConfigurationName = Release;
		};
		80D7A4B82F9CDD47004150D9 /* Build configuration list for PBXNativeTarget "airpod_control" */ = {
			isa = XCConfigurationList;
			buildConfigurations = (
				80D7A4B92F9CDD47004150D9 /* Debug */,
				80D7A4BA2F9CDD47004150D9 /* Release */,
			);
			defaultConfigurationIsVisible = 0;
			defaultConfigurationName = Release;
		};
		80D7A4BB2F9CDD47004150D9 /* Build configuration list for PBXNativeTarget "airpod_controlTests" */ = {
			isa = XCConfigurationList;
			buildConfigurations = (
				80D7A4BC2F9CDD47004150D9 /* Debug */,
				80D7A4BD2F9CDD47004150D9 /* Release */,
			);
			defaultConfigurationIsVisible = 0;
			defaultConfigurationName = Release;
		};
		80D7A4BE2F9CDD47004150D9 /* Build configuration list for PBXNativeTarget "airpod_controlUITests" */ = {
			isa = XCConfigurationList;
			buildConfigurations = (
				80D7A4BF2F9CDD47004150D9 /* Debug */,
				80D7A4C02F9CDD47004150D9 /* Release */,
			);
			defaultConfigurationIsVisible = 0;
			defaultConfigurationName = Release;
		};
/* End XCConfigurationList section */
	};
	rootObject = 80D7A48F2F9CDD46004150D9 /* Project object */;
}
